// !$*UTF8*$!
{
	archiveVersion = 1;
	classes = {
	};
	objectVersion = 50;
	objects = {

/* Begin PBXBuildFile section */
		764264D42641D663009ACBC5 /* AppDelegate.swift in Sources */ = {isa = PBXBuildFile; fileRef = 764264D32641D663009ACBC5 /* AppDelegate.swift */; };
		764264D62641D663009ACBC5 /* SceneDelegate.swift in Sources */ = {isa = PBXBuildFile; fileRef = 764264D52641D663009ACBC5 /* SceneDelegate.swift */; };
		764264D82641D663009ACBC5 /* ViewController.swift in Sources */ = {isa = PBXBuildFile; fileRef = 764264D72641D663009ACBC5 /* ViewController.swift */; };
		764264DB2641D663009ACBC5 /* Main.storyboard in Resources */ = {isa = PBXBuildFile; fileRef = 764264D92641D663009ACBC5 /* Main.storyboard */; };
		764264DD2641D665009ACBC5 /* Assets.xcassets in Resources */ = {isa = PBXBuildFile; fileRef = 764264DC2641D665009ACBC5 /* Assets.xcassets */; };
		764264E02641D665009ACBC5 /* LaunchScreen.storyboard in Resources */ = {isa = PBXBuildFile; fileRef = 764264DE2641D665009ACBC5 /* LaunchScreen.storyboard */; };
		764264EB2641D666009ACBC5 /* PoultryAppTests.swift in Sources */ = {isa = PBXBuildFile; fileRef = 764264EA2641D666009ACBC5 /* PoultryAppTests.swift */; };
		764264F62641D666009ACBC5 /* PoultryAppUITests.swift in Sources */ = {isa = PBXBuildFile; fileRef = 764264F52641D666009ACBC5 /* PoultryAppUITests.swift */; };
/* End PBXBuildFile section */

/* Begin PBXContainerItemProxy section */
		764264E72641D666009ACBC5 /* PBXContainerItemProxy */ = {
			isa = PBXContainerItemProxy;
			containerPortal = 764264C82641D663009ACBC5 /* Project object */;
			proxyType = 1;
			remoteGlobalIDString = 764264CF2641D663009ACBC5;
			remoteInfo = PoultryApp;
		};
		764264F22641D666009ACBC5 /* PBXContainerItemProxy */ = {
			isa = PBXContainerItemProxy;
			containerPortal = 764264C82641D663009ACBC5 /* Project object */;
			proxyType = 1;
			remoteGlobalIDString = 764264CF2641D663009ACBC5;
			remoteInfo = PoultryApp;
		};
/* End PBXContainerItemProxy section */

/* Begin PBXFileReference section */
		764264D02641D663009ACBC5 /* PoultryApp.app */ = {isa = PBXFileReference; explicitFileType = wrapper.application; includeInIndex = 0; path = PoultryApp.app; sourceTree = BUILT_PRODUCTS_DIR; };
		764264D32641D663009ACBC5 /* AppDelegate.swift */ = {isa = PBXFileReference; lastKnownFileType = sourcecode.swift; path = AppDelegate.swift; sourceTree = "<group>"; };
		764264D52641D663009ACBC5 /* SceneDelegate.swift */ = {isa = PBXFileReference; lastKnownFileType = sourcecode.swift; path = SceneDelegate.swift; sourceTree = "<group>"; };
		764264D72641D663009ACBC5 /* ViewController.swift */ = {isa = PBXFileReference; lastKnownFileType = sourcecode.swift; path = ViewController.swift; sourceTree = "<group>"; };
		764264DA2641D663009ACBC5 /* Base */ = {isa = PBXFileReference; lastKnownFileType = file.storyboard; name = Base; path = Base.lproj/Main.storyboard; sourceTree = "<group>"; };
		764264DC2641D665009ACBC5 /* Assets.xcassets */ = {isa = PBXFileReference; lastKnownFileType = folder.assetcatalog; path = Assets.xcassets; sourceTree = "<group>"; };
		764264DF2641D665009ACBC5 /* Base */ = {isa = PBXFileReference; lastKnownFileType = file.storyboard; name = Base; path = Base.lproj/LaunchScreen.storyboard; sourceTree = "<group>"; };
		764264E12641D665009ACBC5 /* Info.plist */ = {isa = PBXFileReference; lastKnownFileType = text.plist.xml; path = Info.plist; sourceTree = "<group>"; };
		764264E62641D666009ACBC5 /* PoultryAppTests.xctest */ = {isa = PBXFileReference; explicitFileType = wrapper.cfbundle; includeInIndex = 0; path = PoultryAppTests.xctest; sourceTree = BUILT_PRODUCTS_DIR; };
		764264EA2641D666009ACBC5 /* PoultryAppTests.swift */ = {isa = PBXFileReference; lastKnownFileType = sourcecode.swift; path = PoultryAppTests.swift; sourceTree = "<group>"; };
		764264EC2641D666009ACBC5 /* Info.plist */ = {isa = PBXFileReference; lastKnownFileType = text.plist.xml; path = Info.plist; sourceTree = "<group>"; };
		764264F12641D666009ACBC5 /* PoultryAppUITests.xctest */ = {isa = PBXFileReference; explicitFileType = wrapper.cfbundle; includeInIndex = 0; path = PoultryAppUITests.xctest; sourceTree = BUILT_PRODUCTS_DIR; };
		764264F52641D666009ACBC5 /* PoultryAppUITests.swift */ = {isa = PBXFileReference; lastKnownFileType = sourcecode.swift; path = PoultryAppUITests.swift; sourceTree = "<group>"; };
		764264F72641D666009ACBC5 /* Info.plist */ = {isa = PBXFileReference; lastKnownFileType = text.plist.xml; path = Info.plist; sourceTree = "<group>"; };
/* End PBXFileReference section */

/* Begin PBXFrameworksBuildPhase section */
		764264CD2641D663009ACBC5 /* Frameworks */ = {
			isa = PBXFrameworksBuildPhase;
			buildActionMask = 2147483647;
			files = (
			);
			runOnlyForDeploymentPostprocessing = 0;
		};
		764264E32641D666009ACBC5 /* Frameworks */ = {
			isa = PBXFrameworksBuildPhase;
			buildActionMask = 2147483647;
			files = (
			);
			runOnlyForDeploymentPostprocessing = 0;
		};
		764264EE2641D666009ACBC5 /* Frameworks */ = {
			isa = PBXFrameworksBuildPhase;
			buildActionMask = 2147483647;
			files = (
			);
			runOnlyForDeploymentPostprocessing = 0;
		};
/* End PBXFrameworksBuildPhase section */

/* Begin PBXGroup section */
		764264C72641D663009ACBC5 = {
			isa = PBXGroup;
			children = (
				764264D22641D663009ACBC5 /* PoultryApp */,
				764264E92641D666009ACBC5 /* PoultryAppTests */,
				764264F42641D666009ACBC5 /* PoultryAppUITests */,
				764264D12641D663009ACBC5 /* Products */,
			);
			sourceTree = "<group>";
		};
		764264D12641D663009ACBC5 /* Products */ = {
			isa = PBXGroup;
			children = (
				764264D02641D663009ACBC5 /* PoultryApp.app */,
				764264E62641D666009ACBC5 /* PoultryAppTests.xctest */,
				764264F12641D666009ACBC5 /* PoultryAppUITests.xctest */,
			);
			name = Products;
			sourceTree = "<group>";
		};
		764264D22641D663009ACBC5 /* PoultryApp */ = {
			isa = PBXGroup;
			children = (
				764264D32641D663009ACBC5 /* AppDelegate.swift */,
				764264D52641D663009ACBC5 /* SceneDelegate.swift */,
				764264D72641D663009ACBC5 /* ViewController.swift */,
				764264D92641D663009ACBC5 /* Main.storyboard */,
				764264DC2641D665009ACBC5 /* Assets.xcassets */,
				764264DE2641D665009ACBC5 /* LaunchScreen.storyboard */,
				764264E12641D665009ACBC5 /* Info.plist */,
			);
			path = PoultryApp;
			sourceTree = "<group>";
		};
		764264E92641D666009ACBC5 /* PoultryAppTests */ = {
			isa = PBXGroup;
			children = (
				764264EA2641D666009ACBC5 /* PoultryAppTests.swift */,
				764264EC2641D666009ACBC5 /* Info.plist */,
			);
			path = PoultryAppTests;
			sourceTree = "<group>";
		};
		764264F42641D666009ACBC5 /* PoultryAppUITests */ = {
			isa = PBXGroup;
			children = (
				764264F52641D666009ACBC5 /* PoultryAppUITests.swift */,
				764264F72641D666009ACBC5 /* Info.plist */,
			);
			path = PoultryAppUITests;
			sourceTree = "<group>";
		};
/* End PBXGroup section */

/* Begin PBXNativeTarget section */
		764264CF2641D663009ACBC5 /* PoultryApp */ = {
			isa = PBXNativeTarget;
			buildConfigurationList = 764264FA2641D666009ACBC5 /* Build configuration list for PBXNativeTarget "PoultryApp" */;
			buildPhases = (
				764264CC2641D663009ACBC5 /* Sources */,
				764264CD2641D663009ACBC5 /* Frameworks */,
				764264CE2641D663009ACBC5 /* Resources */,
			);
			buildRules = (
			);
			dependencies = (
			);
			name = PoultryApp;
			productName = PoultryApp;
			productReference = 764264D02641D663009ACBC5 /* PoultryApp.app */;
			productType = "com.apple.product-type.application";
		};
		764264E52641D666009ACBC5 /* PoultryAppTests */ = {
			isa = PBXNativeTarget;
			buildConfigurationList = 764264FD2641D666009ACBC5 /* Build configuration list for PBXNativeTarget "PoultryAppTests" */;
			buildPhases = (
				764264E22641D666009ACBC5 /* Sources */,
				764264E32641D666009ACBC5 /* Frameworks */,
				764264E42641D666009ACBC5 /* Resources */,
			);
			buildRules = (
			);
			dependencies = (
				764264E82641D666009ACBC5 /* PBXTargetDependency */,
			);
			name = PoultryAppTests;
			productName = PoultryAppTests;
			productReference = 764264E62641D666009ACBC5 /* PoultryAppTests.xctest */;
			productType = "com.apple.product-type.bundle.unit-test";
		};
		764264F02641D666009ACBC5 /* PoultryAppUITests */ = {
			isa = PBXNativeTarget;
			buildConfigurationList = 764265002641D666009ACBC5 /* Build configuration list for PBXNativeTarget "PoultryAppUITests" */;
			buildPhases = (
				764264ED2641D666009ACBC5 /* Sources */,
				764264EE2641D666009ACBC5 /* Frameworks */,
				764264EF2641D666009ACBC5 /* Resources */,
			);
			buildRules = (
			);
			dependencies = (
				764264F32641D666009ACBC5 /* PBXTargetDependency */,
			);
			name = PoultryAppUITests;
			productName = PoultryAppUITests;
			productReference = 764264F12641D666009ACBC5 /* PoultryAppUITests.xctest */;
			productType = "com.apple.product-type.bundle.ui-testing";
		};
/* End PBXNativeTarget section */

/* Begin PBXProject section */
		764264C82641D663009ACBC5 /* Project object */ = {
			isa = PBXProject;
			attributes = {
				LastSwiftUpdateCheck = 1240;
				LastUpgradeCheck = 1240;
				TargetAttributes = {
					764264CF2641D663009ACBC5 = {
						CreatedOnToolsVersion = 12.4;
					};
					764264E52641D666009ACBC5 = {
						CreatedOnToolsVersion = 12.4;
						TestTargetID = 764264CF2641D663009ACBC5;
					};
					764264F02641D666009ACBC5 = {
						CreatedOnToolsVersion = 12.4;
						TestTargetID = 764264CF2641D663009ACBC5;
					};
				};
			};
			buildConfigurationList = 764264CB2641D663009ACBC5 /* Build configuration list for PBXProject "PoultryApp" */;
			compatibilityVersion = "Xcode 9.3";
			developmentRegion = en;
			hasScannedForEncodings = 0;
			knownRegions = (
				en,
				Base,
			);
			mainGroup = 764264C72641D663009ACBC5;
			productRefGroup = 764264D12641D663009ACBC5 /* Products */;
			projectDirPath = "";
			projectRoot = "";
			targets = (
				764264CF2641D663009ACBC5 /* PoultryApp */,
				764264E52641D666009ACBC5 /* PoultryAppTests */,
				764264F02641D666009ACBC5 /* PoultryAppUITests */,
			);
		};
/* End PBXProject section */

/* Begin PBXResourcesBuildPhase section */
		764264CE2641D663009ACBC5 /* Resources */ = {
			isa = PBXResourcesBuildPhase;
			buildActionMask = 2147483647;
			files = (
				764264E02641D665009ACBC5 /* LaunchScreen.storyboard in Resources */,
				764264DD2641D665009ACBC5 /* Assets.xcassets in Resources */,
				764264DB2641D663009ACBC5 /* Main.storyboard in Resources */,
			);
			runOnlyForDeploymentPostprocessing = 0;
		};
		764264E42641D666009ACBC5 /* Resources */ = {
			isa = PBXResourcesBuildPhase;
			buildActionMask = 2147483647;
			files = (
			);
			runOnlyForDeploymentPostprocessing = 0;
		};
		764264EF2641D666009ACBC5 /* Resources */ = {
			isa = PBXResourcesBuildPhase;
			buildActionMask = 2147483647;
			files = (
			);
			runOnlyForDeploymentPostprocessing = 0;
		};
/* End PBXResourcesBuildPhase section */

/* Begin PBXSourcesBuildPhase section */
		764264CC2641D663009ACBC5 /* Sources */ = {
			isa = PBXSourcesBuildPhase;
			buildActionMask = 2147483647;
			files = (
				764264D82641D663009ACBC5 /* ViewController.swift in Sources */,
				764264D42641D663009ACBC5 /* AppDelegate.swift in Sources */,
				764264D62641D663009ACBC5 /* SceneDelegate.swift in Sources */,
			);
			runOnlyForDeploymentPostprocessing = 0;
		};
		764264E22641D666009ACBC5 /* Sources */ = {
			isa = PBXSourcesBuildPhase;
			buildActionMask = 2147483647;
			files = (
				764264EB2641D666009ACBC5 /* PoultryAppTests.swift in Sources */,
			);
			runOnlyForDeploymentPostprocessing = 0;
		};
		764264ED2641D666009ACBC5 /* Sources */ = {
			isa = PBXSourcesBuildPhase;
			buildActionMask = 2147483647;
			files = (
				764264F62641D666009ACBC5 /* PoultryAppUITests.swift in Sources */,
			);
			runOnlyForDeploymentPostprocessing = 0;
		};
/* End PBXSourcesBuildPhase section */

/* Begin PBXTargetDependency section */
		764264E82641D666009ACBC5 /* PBXTargetDependency */ = {
			isa = PBXTargetDependency;
			target = 764264CF2641D663009ACBC5 /* PoultryApp */;
			targetProxy = 764264E72641D666009ACBC5 /* PBXContainerItemProxy */;
		};
		764264F32641D666009ACBC5 /* PBXTargetDependency */ = {
			isa = PBXTargetDependency;
			target = 764264CF2641D663009ACBC5 /* PoultryApp */;
			targetProxy = 764264F22641D666009ACBC5 /* PBXContainerItemProxy */;
		};
/* End PBXTargetDependency section */

/* Begin PBXVariantGroup section */
		764264D92641D663009ACBC5 /* Main.storyboard */ = {
			isa = PBXVariantGroup;
			children = (
				764264DA2641D663009ACBC5 /* Base */,
			);
			name = Main.storyboard;
			sourceTree = "<group>";
		};
		764264DE2641D665009ACBC5 /* LaunchScreen.storyboard */ = {
			isa = PBXVariantGroup;
			children = (
				764264DF2641D665009ACBC5 /* Base */,
			);
			name = LaunchScreen.storyboard;
			sourceTree = "<group>";
		};
/* End PBXVariantGroup section */

/* Begin XCBuildConfiguration section */
		764264F82641D666009ACBC5 /* Debug */ = {
			isa = XCBuildConfiguration;
			buildSettings = {
				ALWAYS_SEARCH_USER_PATHS = NO;
				CLANG_ANALYZER_NONNULL = YES;
				CLANG_ANALYZER_NUMBER_OBJECT_CONVERSION = YES_AGGRESSIVE;
				CLANG_CXX_LANGUAGE_STANDARD = "gnu++14";
				CLANG_CXX_LIBRARY = "libc++";
				CLANG_ENABLE_MODULES = YES;
				CLANG_ENABLE_OBJC_ARC = YES;
				CLANG_ENABLE_OBJC_WEAK = YES;
				CLANG_WARN_BLOCK_CAPTURE_AUTORELEASING = YES;
				CLANG_WARN_BOOL_CONVERSION = YES;
				CLANG_WARN_COMMA = YES;
				CLANG_WARN_CONSTANT_CONVERSION = YES;
				CLANG_WARN_DEPRECATED_OBJC_IMPLEMENTATIONS = YES;
				CLANG_WARN_DIRECT_OBJC_ISA_USAGE = YES_ERROR;
				CLANG_WARN_DOCUMENTATION_COMMENTS = YES;
				CLANG_WARN_EMPTY_BODY = YES;
				CLANG_WARN_ENUM_CONVERSION = YES;
				CLANG_WARN_INFINITE_RECURSION = YES;
				CLANG_WARN_INT_CONVERSION = YES;
				CLANG_WARN_NON_LITERAL_NULL_CONVERSION = YES;
				CLANG_WARN_OBJC_IMPLICIT_RETAIN_SELF = YES;
				CLANG_WARN_OBJC_LITERAL_CONVERSION = YES;
				CLANG_WARN_OBJC_ROOT_CLASS = YES_ERROR;
				CLANG_WARN_QUOTED_INCLUDE_IN_FRAMEWORK_HEADER = YES;
				CLANG_WARN_RANGE_LOOP_ANALYSIS = YES;
				CLANG_WARN_STRICT_PROTOTYPES = YES;
				CLANG_WARN_SUSPICIOUS_MOVE = YES;
				CLANG_WARN_UNGUARDED_AVAILABILITY = YES_AGGRESSIVE;
				CLANG_WARN_UNREACHABLE_CODE = YES;
				CLANG_WARN__DUPLICATE_METHOD_MATCH = YES;
				COPY_PHASE_STRIP = NO;
				DEBUG_INFORMATION_FORMAT = dwarf;
				ENABLE_STRICT_OBJC_MSGSEND = YES;
				ENABLE_TESTABILITY = YES;
				GCC_C_LANGUAGE_STANDARD = gnu11;
				GCC_DYNAMIC_NO_PIC = NO;
				GCC_NO_COMMON_BLOCKS = YES;
				GCC_OPTIMIZATION_LEVEL = 0;
				GCC_PREPROCESSOR_DEFINITIONS = (
					"DEBUG=1",
					"$(inherited)",
				);
				GCC_WARN_64_TO_32_BIT_CONVERSION = YES;
				GCC_WARN_ABOUT_RETURN_TYPE = YES_ERROR;
				GCC_WARN_UNDECLARED_SELECTOR = YES;
				GCC_WARN_UNINITIALIZED_AUTOS = YES_AGGRESSIVE;
				GCC_WARN_UNUSED_FUNCTION = YES;
				GCC_WARN_UNUSED_VARIABLE = YES;
				IPHONEOS_DEPLOYMENT_TARGET = 14.4;
				MTL_ENABLE_DEBUG_INFO = INCLUDE_SOURCE;
				MTL_FAST_MATH = YES;
				ONLY_ACTIVE_ARCH = YES;
				SDKROOT = iphoneos;
				SWIFT_ACTIVE_COMPILATION_CONDITIONS = DEBUG;
				SWIFT_OPTIMIZATION_LEVEL = "-Onone";
			};
			name = Debug;
		};
		764264F92641D666009ACBC5 /* Release */ = {
			isa = XCBuildConfiguration;
			buildSettings = {
				ALWAYS_SEARCH_USER_PATHS = NO;
				CLANG_ANALYZER_NONNULL = YES;
				CLANG_ANALYZER_NUMBER_OBJECT_CONVERSION = YES_AGGRESSIVE;
				CLANG_CXX_LANGUAGE_STANDARD = "gnu++14";
				CLANG_CXX_LIBRARY = "libc++";
				CLANG_ENABLE_MODULES = YES;
				CLANG_ENABLE_OBJC_ARC = YES;
				CLANG_ENABLE_OBJC_WEAK = YES;
				CLANG_WARN_BLOCK_CAPTURE_AUTORELEASING = YES;
				CLANG_WARN_BOOL_CONVERSION = YES;
				CLANG_WARN_COMMA = YES;
				CLANG_WARN_CONSTANT_CONVERSION = YES;
				CLANG_WARN_DEPRECATED_OBJC_IMPLEMENTATIONS = YES;
				CLANG_WARN_DIRECT_OBJC_ISA_USAGE = YES_ERROR;
				CLANG_WARN_DOCUMENTATION_COMMENTS = YES;
				CLANG_WARN_EMPTY_BODY = YES;
				CLANG_WARN_ENUM_CONVERSION = YES;
				CLANG_WARN_INFINITE_RECURSION = YES;
				CLANG_WARN_INT_CONVERSION = YES;
				CLANG_WARN_NON_LITERAL_NULL_CONVERSION = YES;
				CLANG_WARN_OBJC_IMPLICIT_RETAIN_SELF = YES;
				CLANG_WARN_OBJC_LITERAL_CONVERSION = YES;
				CLANG_WARN_OBJC_ROOT_CLASS = YES_ERROR;
				CLANG_WARN_QUOTED_INCLUDE_IN_FRAMEWORK_HEADER = YES;
				CLANG_WARN_RANGE_LOOP_ANALYSIS = YES;
				CLANG_WARN_STRICT_PROTOTYPES = YES;
				CLANG_WARN_SUSPICIOUS_MOVE = YES;
				CLANG_WARN_UNGUARDED_AVAILABILITY = YES_AGGRESSIVE;
				CLANG_WARN_UNREACHABLE_CODE = YES;
				CLANG_WARN__DUPLICATE_METHOD_MATCH = YES;
				COPY_PHASE_STRIP = NO;
				DEBUG_INFORMATION_FORMAT = "dwarf-with-dsym";
				ENABLE_NS_ASSERTIONS = NO;
				ENABLE_STRICT_OBJC_MSGSEND = YES;
				GCC_C_LANGUAGE_STANDARD = gnu11;
				GCC_NO_COMMON_BLOCKS = YES;
				GCC_WARN_64_TO_32_BIT_CONVERSION = YES;
				GCC_WARN_ABOUT_RETURN_TYPE = YES_ERROR;
				GCC_WARN_UNDECLARED_SELECTOR = YES;
				GCC_WARN_UNINITIALIZED_AUTOS = YES_AGGRESSIVE;
				GCC_WARN_UNUSED_FUNCTION = YES;
				GCC_WARN_UNUSED_VARIABLE = YES;
				IPHONEOS_DEPLOYMENT_TARGET = 14.4;
				MTL_ENABLE_DEBUG_INFO = NO;
				MTL_FAST_MATH = YES;
				SDKROOT = iphoneos;
				SWIFT_COMPILATION_MODE = wholemodule;
				SWIFT_OPTIMIZATION_LEVEL = "-O";
				VALIDATE_PRODUCT = YES;
			};
			name = Release;
		};
		764264FB2641D666009ACBC5 /* Debug */ = {
			isa = XCBuildConfiguration;
			buildSettings = {
				ASSETCATALOG_COMPILER_APPICON_NAME = AppIcon;
				ASSETCATALOG_COMPILER_GLOBAL_ACCENT_COLOR_NAME = AccentColor;
				CODE_SIGN_STYLE = Automatic;
				DEVELOPMENT_TEAM = LSB7R4D9XA;
				INFOPLIST_FILE = PoultryApp/Info.plist;
				LD_RUNPATH_SEARCH_PATHS = (
					"$(inherited)",
					"@executable_path/Frameworks",
				);
				PRODUCT_BUNDLE_IDENTIFIER = "com.poultryeasy-tech.PoultryApp";
				PRODUCT_NAME = "$(TARGET_NAME)";
				SWIFT_VERSION = 5.0;
				TARGETED_DEVICE_FAMILY = "1,2";
			};
			name = Debug;
		};
		764264FC2641D666009ACBC5 /* Release */ = {
			isa = XCBuildConfiguration;
			buildSettings = {
				ASSETCATALOG_COMPILER_APPICON_NAME = AppIcon;
				ASSETCATALOG_COMPILER_GLOBAL_ACCENT_COLOR_NAME = AccentColor;
				CODE_SIGN_STYLE = Automatic;
				DEVELOPMENT_TEAM = LSB7R4D9XA;
				INFOPLIST_FILE = PoultryApp/Info.plist;
				LD_RUNPATH_SEARCH_PATHS = (
					"$(inherited)",
					"@executable_path/Frameworks",
				);
				PRODUCT_BUNDLE_IDENTIFIER = "com.poultryeasy-tech.PoultryApp";
				PRODUCT_NAME = "$(TARGET_NAME)";
				SWIFT_VERSION = 5.0;
				TARGETED_DEVICE_FAMILY = "1,2";
			};
			name = Release;
		};
		764264FE2641D666009ACBC5 /* Debug */ = {
			isa = XCBuildConfiguration;
			buildSettings = {
				ALWAYS_EMBED_SWIFT_STANDARD_LIBRARIES = YES;
				BUNDLE_LOADER = "$(TEST_HOST)";
				CODE_SIGN_STYLE = Automatic;
				DEVELOPMENT_TEAM = LSB7R4D9XA;
				INFOPLIST_FILE = PoultryAppTests/Info.plist;
				IPHONEOS_DEPLOYMENT_TARGET = 14.4;
				LD_RUNPATH_SEARCH_PATHS = (
					"$(inherited)",
					"@executable_path/Frameworks",
					"@loader_path/Frameworks",
				);
				PRODUCT_BUNDLE_IDENTIFIER = "com.poultryeasy-tech.PoultryAppTests";
				PRODUCT_NAME = "$(TARGET_NAME)";
				SWIFT_VERSION = 5.0;
				TARGETED_DEVICE_FAMILY = "1,2";
				TEST_HOST = "$(BUILT_PRODUCTS_DIR)/PoultryApp.app/PoultryApp";
			};
			name = Debug;
		};
		764264FF2641D666009ACBC5 /* Release */ = {
			isa = XCBuildConfiguration;
			buildSettings = {
				ALWAYS_EMBED_SWIFT_STANDARD_LIBRARIES = YES;
				BUNDLE_LOADER = "$(TEST_HOST)";
				CODE_SIGN_STYLE = Automatic;
				DEVELOPMENT_TEAM = LSB7R4D9XA;
				INFOPLIST_FILE = PoultryAppTests/Info.plist;
				IPHONEOS_DEPLOYMENT_TARGET = 14.4;
				LD_RUNPATH_SEARCH_PATHS = (
					"$(inherited)",
					"@executable_path/Frameworks",
					"@loader_path/Frameworks",
				);
				PRODUCT_BUNDLE_IDENTIFIER = "com.poultryeasy-tech.PoultryAppTests";
				PRODUCT_NAME = "$(TARGET_NAME)";
				SWIFT_VERSION = 5.0;
				TARGETED_DEVICE_FAMILY = "1,2";
				TEST_HOST = "$(BUILT_PRODUCTS_DIR)/PoultryApp.app/PoultryApp";
			};
			name = Release;
		};
		764265012641D666009ACBC5 /* Debug */ = {
			isa = XCBuildConfiguration;
			buildSettings = {
				ALWAYS_EMBED_SWIFT_STANDARD_LIBRARIES = YES;
				CODE_SIGN_STYLE = Automatic;
				DEVELOPMENT_TEAM = LSB7R4D9XA;
				INFOPLIST_FILE = PoultryAppUITests/Info.plist;
				LD_RUNPATH_SEARCH_PATHS = (
					"$(inherited)",
					"@executable_path/Frameworks",
					"@loader_path/Frameworks",
				);
				PRODUCT_BUNDLE_IDENTIFIER = "com.poultryeasy-tech.PoultryAppUITests";
				PRODUCT_NAME = "$(TARGET_NAME)";
				SWIFT_VERSION = 5.0;
				TARGETED_DEVICE_FAMILY = "1,2";
				TEST_TARGET_NAME = PoultryApp;
			};
			name = Debug;
		};
		764265022641D666009ACBC5 /* Release */ = {
			isa = XCBuildConfiguration;
			buildSettings = {
				ALWAYS_EMBED_SWIFT_STANDARD_LIBRARIES = YES;
				CODE_SIGN_STYLE = Automatic;
				DEVELOPMENT_TEAM = LSB7R4D9XA;
				INFOPLIST_FILE = PoultryAppUITests/Info.plist;
				LD_RUNPATH_SEARCH_PATHS = (
					"$(inherited)",
					"@executable_path/Frameworks",
					"@loader_path/Frameworks",
				);
				PRODUCT_BUNDLE_IDENTIFIER = "com.poultryeasy-tech.PoultryAppUITests";
				PRODUCT_NAME = "$(TARGET_NAME)";
				SWIFT_VERSION = 5.0;
				TARGETED_DEVICE_FAMILY = "1,2";
				TEST_TARGET_NAME = PoultryApp;
			};
			name = Release;
		};
/* End XCBuildConfiguration section */

/* Begin XCConfigurationList section */
		764264CB2641D663009ACBC5 /* Build configuration list for PBXProject "PoultryApp" */ = {
			isa = XCConfigurationList;
			buildConfigurations = (
				764264F82641D666009ACBC5 /* Debug */,
				764264F92641D666009ACBC5 /* Release */,
			);
			defaultConfigurationIsVisible = 0;
			defaultConfigurationName = Release;
		};
		764264FA2641D666009ACBC5 /* Build configuration list for PBXNativeTarget "PoultryApp" */ = {
			isa = XCConfigurationList;
			buildConfigurations = (
				764264FB2641D666009ACBC5 /* Debug */,
				764264FC2641D666009ACBC5 /* Release */,
			);
			defaultConfigurationIsVisible = 0;
			defaultConfigurationName = Release;
		};
		764264FD2641D666009ACBC5 /* Build configuration list for PBXNativeTarget "PoultryAppTests" */ = {
			isa = XCConfigurationList;
			buildConfigurations = (
				764264FE2641D666009ACBC5 /* Debug */,
				764264FF2641D666009ACBC5 /* Release */,
			);
			defaultConfigurationIsVisible = 0;
			defaultConfigurationName = Release;
		};
		764265002641D666009ACBC5 /* Build configuration list for PBXNativeTarget "PoultryAppUITests" */ = {
			isa = XCConfigurationList;
			buildConfigurations = (
				764265012641D666009ACBC5 /* Debug */,
				764265022641D666009ACBC5 /* Release */,
			);
			defaultConfigurationIsVisible = 0;
			defaultConfigurationName = Release;
		};
/* End XCConfigurationList section */
	};
	rootObject = 764264C82641D663009ACBC5 /* Project object */;
}
